// !$*UTF8*$!
{
	archiveVersion = 1;
	classes = {
	};
	objectVersion = 50;
	objects = {

/* Begin PBXBuildFile section */
		00120B3F252D9C9A00C67DEB /* ImageFilterType.swift in Sources */ = {isa = PBXBuildFile; fileRef = 00120B3E252D9C9A00C67DEB /* ImageFilterType.swift */; };
		00120B43252DA53F00C67DEB /* ImageFilterTableViewCell.swift in Sources */ = {isa = PBXBuildFile; fileRef = 00120B42252DA53F00C67DEB /* ImageFilterTableViewCell.swift */; };
		00120B46252DB82800C67DEB /* CIFilterType.swift in Sources */ = {isa = PBXBuildFile; fileRef = 00120B45252DB82800C67DEB /* CIFilterType.swift */; };
		0036C0F22528647B005B2693 /* Provider.swift in Sources */ = {isa = PBXBuildFile; fileRef = 0036C0F12528647B005B2693 /* Provider.swift */; };
		0036C0FA25286D7B005B2693 /* ProviderTableViewCell.swift in Sources */ = {isa = PBXBuildFile; fileRef = 0036C0F925286D7B005B2693 /* ProviderTableViewCell.swift */; };
		0036C0FE25286D97005B2693 /* FilterViewController.swift in Sources */ = {isa = PBXBuildFile; fileRef = 0036C0FD25286D97005B2693 /* FilterViewController.swift */; };
		0036C102252A4900005B2693 /* Protocols.swift in Sources */ = {isa = PBXBuildFile; fileRef = 0036C101252A4900005B2693 /* Protocols.swift */; };
		003AEE0E2527914D00EA59C2 /* AppDelegate.swift in Sources */ = {isa = PBXBuildFile; fileRef = 003AEE0D2527914D00EA59C2 /* AppDelegate.swift */; };
		003AEE102527914D00EA59C2 /* SceneDelegate.swift in Sources */ = {isa = PBXBuildFile; fileRef = 003AEE0F2527914D00EA59C2 /* SceneDelegate.swift */; };
		003AEE122527914D00EA59C2 /* ImagesViewController.swift in Sources */ = {isa = PBXBuildFile; fileRef = 003AEE112527914D00EA59C2 /* ImagesViewController.swift */; };
		003AEE152527914D00EA59C2 /* Main.storyboard in Resources */ = {isa = PBXBuildFile; fileRef = 003AEE132527914D00EA59C2 /* Main.storyboard */; };
		003AEE172527915100EA59C2 /* Assets.xcassets in Resources */ = {isa = PBXBuildFile; fileRef = 003AEE162527915100EA59C2 /* Assets.xcassets */; };
		003AEE1A2527915100EA59C2 /* LaunchScreen.storyboard in Resources */ = {isa = PBXBuildFile; fileRef = 003AEE182527915100EA59C2 /* LaunchScreen.storyboard */; };
		003AEE292527962900EA59C2 /* ImagesTableViewCell.swift in Sources */ = {isa = PBXBuildFile; fileRef = 003AEE282527962900EA59C2 /* ImagesTableViewCell.swift */; };
		004D8FFD252C351000EA402A /* Sections.swift in Sources */ = {isa = PBXBuildFile; fileRef = 004D8FFC252C351000EA402A /* Sections.swift */; };
		004D9000252C38A400EA402A /* NetworkManager.swift in Sources */ = {isa = PBXBuildFile; fileRef = 004D8FFF252C38A400EA402A /* NetworkManager.swift */; };
		004D9003252C5BCA00EA402A /* ApiRequestType.swift in Sources */ = {isa = PBXBuildFile; fileRef = 004D9002252C5BCA00EA402A /* ApiRequestType.swift */; };
/* End PBXBuildFile section */

/* Begin PBXFileReference section */
		00120B3E252D9C9A00C67DEB /* ImageFilterType.swift */ = {isa = PBXFileReference; lastKnownFileType = sourcecode.swift; path = ImageFilterType.swift; sourceTree = "<group>"; };
		00120B42252DA53F00C67DEB /* ImageFilterTableViewCell.swift */ = {isa = PBXFileReference; lastKnownFileType = sourcecode.swift; path = ImageFilterTableViewCell.swift; sourceTree = "<group>"; };
		00120B45252DB82800C67DEB /* CIFilterType.swift */ = {isa = PBXFileReference; lastKnownFileType = sourcecode.swift; path = CIFilterType.swift; sourceTree = "<group>"; };
		0036C0F12528647B005B2693 /* Provider.swift */ = {isa = PBXFileReference; lastKnownFileType = sourcecode.swift; path = Provider.swift; sourceTree = "<group>"; };
		0036C0F925286D7B005B2693 /* ProviderTableViewCell.swift */ = {isa = PBXFileReference; lastKnownFileType = sourcecode.swift; name = ProviderTableViewCell.swift; path = ImageFilter/Scenes/Filter/View/ProviderTableViewCell.swift; sourceTree = SOURCE_ROOT; };
		0036C0FD25286D97005B2693 /* FilterViewController.swift */ = {isa = PBXFileReference; lastKnownFileType = sourcecode.swift; path = FilterViewController.swift; sourceTree = "<group>"; };
		0036C101252A4900005B2693 /* Protocols.swift */ = {isa = PBXFileReference; lastKnownFileType = sourcecode.swift; path = Protocols.swift; sourceTree = "<group>"; };
		003AEE0A2527914D00EA59C2 /* ImageFilter.app */ = {isa = PBXFileReference; explicitFileType = wrapper.application; includeInIndex = 0; path = ImageFilter.app; sourceTree = BUILT_PRODUCTS_DIR; };
		003AEE0D2527914D00EA59C2 /* AppDelegate.swift */ = {isa = PBXFileReference; lastKnownFileType = sourcecode.swift; path = AppDelegate.swift; sourceTree = "<group>"; };
		003AEE0F2527914D00EA59C2 /* SceneDelegate.swift */ = {isa = PBXFileReference; lastKnownFileType = sourcecode.swift; path = SceneDelegate.swift; sourceTree = "<group>"; };
		003AEE112527914D00EA59C2 /* ImagesViewController.swift */ = {isa = PBXFileReference; lastKnownFileType = sourcecode.swift; path = ImagesViewController.swift; sourceTree = "<group>"; };
		003AEE142527914D00EA59C2 /* Base */ = {isa = PBXFileReference; lastKnownFileType = file.storyboard; name = Base; path = Base.lproj/Main.storyboard; sourceTree = "<group>"; };
		003AEE162527915100EA59C2 /* Assets.xcassets */ = {isa = PBXFileReference; lastKnownFileType = folder.assetcatalog; path = Assets.xcassets; sourceTree = "<group>"; };
		003AEE192527915100EA59C2 /* Base */ = {isa = PBXFileReference; lastKnownFileType = file.storyboard; name = Base; path = Base.lproj/LaunchScreen.storyboard; sourceTree = "<group>"; };
		003AEE1B2527915100EA59C2 /* Info.plist */ = {isa = PBXFileReference; lastKnownFileType = text.plist.xml; path = Info.plist; sourceTree = "<group>"; };
		003AEE282527962900EA59C2 /* ImagesTableViewCell.swift */ = {isa = PBXFileReference; lastKnownFileType = sourcecode.swift; path = ImagesTableViewCell.swift; sourceTree = "<group>"; };
		004D8FFC252C351000EA402A /* Sections.swift */ = {isa = PBXFileReference; lastKnownFileType = sourcecode.swift; path = Sections.swift; sourceTree = "<group>"; };
		004D8FFF252C38A400EA402A /* NetworkManager.swift */ = {isa = PBXFileReference; lastKnownFileType = sourcecode.swift; path = NetworkManager.swift; sourceTree = "<group>"; };
		004D9002252C5BCA00EA402A /* ApiRequestType.swift */ = {isa = PBXFileReference; lastKnownFileType = sourcecode.swift; path = ApiRequestType.swift; sourceTree = "<group>"; };
/* End PBXFileReference section */

/* Begin PBXFrameworksBuildPhase section */
		003AEE072527914D00EA59C2 /* Frameworks */ = {
			isa = PBXFrameworksBuildPhase;
			buildActionMask = 2147483647;
			files = (
			);
			runOnlyForDeploymentPostprocessing = 0;
		};
/* End PBXFrameworksBuildPhase section */

/* Begin PBXGroup section */
		0036C0F025286453005B2693 /* Filter */ = {
			isa = PBXGroup;
			children = (
				0036C0F825286D34005B2693 /* Model */,
				0036C0F725286D2E005B2693 /* View */,
				0036C0F625286D28005B2693 /* Controller */,
			);
			path = Filter;
			sourceTree = "<group>";
		};
		0036C0F625286D28005B2693 /* Controller */ = {
			isa = PBXGroup;
			children = (
				0036C0FD25286D97005B2693 /* FilterViewController.swift */,
			);
			path = Controller;
			sourceTree = "<group>";
		};
		0036C0F725286D2E005B2693 /* View */ = {
			isa = PBXGroup;
			children = (
				0036C0F925286D7B005B2693 /* ProviderTableViewCell.swift */,
				00120B42252DA53F00C67DEB /* ImageFilterTableViewCell.swift */,
			);
			path = View;
			sourceTree = "<group>";
		};
		0036C0F825286D34005B2693 /* Model */ = {
			isa = PBXGroup;
			children = (
				0036C101252A4900005B2693 /* Protocols.swift */,
				00120B3E252D9C9A00C67DEB /* ImageFilterType.swift */,
			);
			path = Model;
			sourceTree = "<group>";
		};
		0036C106252AEA59005B2693 /* Support Files */ = {
			isa = PBXGroup;
			children = (
				003AEE162527915100EA59C2 /* Assets.xcassets */,
				003AEE0D2527914D00EA59C2 /* AppDelegate.swift */,
				003AEE0F2527914D00EA59C2 /* SceneDelegate.swift */,
				003AEE1B2527915100EA59C2 /* Info.plist */,
			);
			path = "Support Files";
			sourceTree = "<group>";
		};
		0036C107252AEA7D005B2693 /* Storyboards */ = {
			isa = PBXGroup;
			children = (
				003AEE132527914D00EA59C2 /* Main.storyboard */,
				003AEE182527915100EA59C2 /* LaunchScreen.storyboard */,
			);
			path = Storyboards;
			sourceTree = "<group>";
		};
		003AEE012527914D00EA59C2 = {
			isa = PBXGroup;
			children = (
				003AEE0C2527914D00EA59C2 /* ImageFilter */,
				003AEE0B2527914D00EA59C2 /* Products */,
			);
			sourceTree = "<group>";
		};
		003AEE0B2527914D00EA59C2 /* Products */ = {
			isa = PBXGroup;
			children = (
				003AEE0A2527914D00EA59C2 /* ImageFilter.app */,
			);
			name = Products;
			sourceTree = "<group>";
		};
		003AEE0C2527914D00EA59C2 /* ImageFilter */ = {
			isa = PBXGroup;
			children = (
				0036C107252AEA7D005B2693 /* Storyboards */,
				003AEE26252795F500EA59C2 /* Scenes */,
				0036C106252AEA59005B2693 /* Support Files */,
			);
			path = ImageFilter;
			sourceTree = "<group>";
		};
		003AEE26252795F500EA59C2 /* Scenes */ = {
			isa = PBXGroup;
			children = (
				003AEE272527960000EA59C2 /* Images */,
				0036C0F025286453005B2693 /* Filter */,
			);
			path = Scenes;
			sourceTree = "<group>";
		};
		003AEE272527960000EA59C2 /* Images */ = {
			isa = PBXGroup;
			children = (
				003AEE2F2527963F00EA59C2 /* Model */,
				003AEE2E2527963400EA59C2 /* Views */,
				003AEE2C2527962D00EA59C2 /* Controller */,
			);
			path = Images;
			sourceTree = "<group>";
		};
		003AEE2C2527962D00EA59C2 /* Controller */ = {
			isa = PBXGroup;
			children = (
				003AEE112527914D00EA59C2 /* ImagesViewController.swift */,
			);
			path = Controller;
			sourceTree = "<group>";
		};
		003AEE2E2527963400EA59C2 /* Views */ = {
			isa = PBXGroup;
			children = (
				003AEE282527962900EA59C2 /* ImagesTableViewCell.swift */,
			);
			path = Views;
			sourceTree = "<group>";
		};
		003AEE2F2527963F00EA59C2 /* Model */ = {
			isa = PBXGroup;
			children = (
				0036C0F12528647B005B2693 /* Provider.swift */,
				004D8FFC252C351000EA402A /* Sections.swift */,
				004D8FFF252C38A400EA402A /* NetworkManager.swift */,
				004D9002252C5BCA00EA402A /* ApiRequestType.swift */,
				00120B45252DB82800C67DEB /* CIFilterType.swift */,
			);
			path = Model;
			sourceTree = "<group>";
		};
/* End PBXGroup section */

/* Begin PBXNativeTarget section */
		003AEE092527914D00EA59C2 /* ImageFilter */ = {
			isa = PBXNativeTarget;
			buildConfigurationList = 003AEE1E2527915100EA59C2 /* Build configuration list for PBXNativeTarget "ImageFilter" */;
			buildPhases = (
				003AEE062527914D00EA59C2 /* Sources */,
				003AEE072527914D00EA59C2 /* Frameworks */,
				003AEE082527914D00EA59C2 /* Resources */,
				003AEE24252791FD00EA59C2 /* ShellScript */,
			);
			buildRules = (
			);
			dependencies = (
			);
			name = ImageFilter;
			productName = ImageFilter;
			productReference = 003AEE0A2527914D00EA59C2 /* ImageFilter.app */;
			productType = "com.apple.product-type.application";
		};
/* End PBXNativeTarget section */

/* Begin PBXProject section */
		003AEE022527914D00EA59C2 /* Project object */ = {
			isa = PBXProject;
			attributes = {
				LastSwiftUpdateCheck = 1200;
				LastUpgradeCheck = 1200;
				TargetAttributes = {
					003AEE092527914D00EA59C2 = {
						CreatedOnToolsVersion = 12.0.1;
					};
				};
			};
			buildConfigurationList = 003AEE052527914D00EA59C2 /* Build configuration list for PBXProject "ImageFilter" */;
			compatibilityVersion = "Xcode 9.3";
			developmentRegion = en;
			hasScannedForEncodings = 0;
			knownRegions = (
				en,
				Base,
			);
			mainGroup = 003AEE012527914D00EA59C2;
			productRefGroup = 003AEE0B2527914D00EA59C2 /* Products */;
			projectDirPath = "";
			projectRoot = "";
			targets = (
				003AEE092527914D00EA59C2 /* ImageFilter */,
			);
		};
/* End PBXProject section */

/* Begin PBXResourcesBuildPhase section */
		003AEE082527914D00EA59C2 /* Resources */ = {
			isa = PBXResourcesBuildPhase;
			buildActionMask = 2147483647;
			files = (
				003AEE1A2527915100EA59C2 /* LaunchScreen.storyboard in Resources */,
				003AEE172527915100EA59C2 /* Assets.xcassets in Resources */,
				003AEE152527914D00EA59C2 /* Main.storyboard in Resources */,
			);
			runOnlyForDeploymentPostprocessing = 0;
		};
/* End PBXResourcesBuildPhase section */

/* Begin PBXShellScriptBuildPhase section */
		003AEE24252791FD00EA59C2 /* ShellScript */ = {
			isa = PBXShellScriptBuildPhase;
			buildActionMask = 2147483647;
			files = (
			);
			inputFileListPaths = (
			);
			inputPaths = (
			);
			outputFileListPaths = (
			);
			outputPaths = (
			);
			runOnlyForDeploymentPostprocessing = 0;
			shellPath = /bin/sh;
			shellScript = "# Type a script or drag a script file from your workspace to insert its path.\nif which swiftlint >/dev/null; then\n  swiftlint\nelse\n  echo \"error: SwiftLint not installed, download from https://github.com/realm/SwiftLint\"\n  exit 1\nfi\n";
		};
/* End PBXShellScriptBuildPhase section */

/* Begin PBXSourcesBuildPhase section */
		003AEE062527914D00EA59C2 /* Sources */ = {
			isa = PBXSourcesBuildPhase;
			buildActionMask = 2147483647;
			files = (
				003AEE122527914D00EA59C2 /* ImagesViewController.swift in Sources */,
				003AEE292527962900EA59C2 /* ImagesTableViewCell.swift in Sources */,
				0036C0FE25286D97005B2693 /* FilterViewController.swift in Sources */,
				0036C102252A4900005B2693 /* Protocols.swift in Sources */,
				004D9003252C5BCA00EA402A /* ApiRequestType.swift in Sources */,
				004D9000252C38A400EA402A /* NetworkManager.swift in Sources */,
				00120B46252DB82800C67DEB /* CIFilterType.swift in Sources */,
				003AEE0E2527914D00EA59C2 /* AppDelegate.swift in Sources */,
				004D8FFD252C351000EA402A /* Sections.swift in Sources */,
				00120B43252DA53F00C67DEB /* ImageFilterTableViewCell.swift in Sources */,
				00120B3F252D9C9A00C67DEB /* ImageFilterType.swift in Sources */,
				0036C0F22528647B005B2693 /* Provider.swift in Sources */,
				0036C0FA25286D7B005B2693 /* ProviderTableViewCell.swift in Sources */,
				003AEE102527914D00EA59C2 /* SceneDelegate.swift in Sources */,
			);
			runOnlyForDeploymentPostprocessing = 0;
		};
/* End PBXSourcesBuildPhase section */

/* Begin PBXVariantGroup section */
		003AEE132527914D00EA59C2 /* Main.storyboard */ = {
			isa = PBXVariantGroup;
			children = (
				003AEE142527914D00EA59C2 /* Base */,
			);
			name = Main.storyboard;
			sourceTree = "<group>";
		};
		003AEE182527915100EA59C2 /* LaunchScreen.storyboard */ = {
			isa = PBXVariantGroup;
			children = (
				003AEE192527915100EA59C2 /* Base */,
			);
			name = LaunchScreen.storyboard;
			sourceTree = "<group>";
		};
/* End PBXVariantGroup section */

/* Begin XCBuildConfiguration section */
		003AEE1C2527915100EA59C2 /* Debug */ = {
			isa = XCBuildConfiguration;
			buildSettings = {
				ALWAYS_SEARCH_USER_PATHS = NO;
				CLANG_ANALYZER_NONNULL = YES;
				CLANG_ANALYZER_NUMBER_OBJECT_CONVERSION = YES_AGGRESSIVE;
				CLANG_CXX_LANGUAGE_STANDARD = "gnu++14";
				CLANG_CXX_LIBRARY = "libc++";
				CLANG_ENABLE_MODULES = YES;
				CLANG_ENABLE_OBJC_ARC = YES;
				CLANG_ENABLE_OBJC_WEAK = YES;
				CLANG_WARN_BLOCK_CAPTURE_AUTORELEASING = YES;
				CLANG_WARN_BOOL_CONVERSION = YES;
				CLANG_WARN_COMMA = YES;
				CLANG_WARN_CONSTANT_CONVERSION = YES;
				CLANG_WARN_DEPRECATED_OBJC_IMPLEMENTATIONS = YES;
				CLANG_WARN_DIRECT_OBJC_ISA_USAGE = YES_ERROR;
				CLANG_WARN_DOCUMENTATION_COMMENTS = YES;
				CLANG_WARN_EMPTY_BODY = YES;
				CLANG_WARN_ENUM_CONVERSION = YES;
				CLANG_WARN_INFINITE_RECURSION = YES;
				CLANG_WARN_INT_CONVERSION = YES;
				CLANG_WARN_NON_LITERAL_NULL_CONVERSION = YES;
				CLANG_WARN_OBJC_IMPLICIT_RETAIN_SELF = YES;
				CLANG_WARN_OBJC_LITERAL_CONVERSION = YES;
				CLANG_WARN_OBJC_ROOT_CLASS = YES_ERROR;
				CLANG_WARN_QUOTED_INCLUDE_IN_FRAMEWORK_HEADER = YES;
				CLANG_WARN_RANGE_LOOP_ANALYSIS = YES;
				CLANG_WARN_STRICT_PROTOTYPES = YES;
				CLANG_WARN_SUSPICIOUS_MOVE = YES;
				CLANG_WARN_UNGUARDED_AVAILABILITY = YES_AGGRESSIVE;
				CLANG_WARN_UNREACHABLE_CODE = YES;
				CLANG_WARN__DUPLICATE_METHOD_MATCH = YES;
				COPY_PHASE_STRIP = NO;
				DEBUG_INFORMATION_FORMAT = dwarf;
				ENABLE_STRICT_OBJC_MSGSEND = YES;
				ENABLE_TESTABILITY = YES;
				GCC_C_LANGUAGE_STANDARD = gnu11;
				GCC_DYNAMIC_NO_PIC = NO;
				GCC_NO_COMMON_BLOCKS = YES;
				GCC_OPTIMIZATION_LEVEL = 0;
				GCC_PREPROCESSOR_DEFINITIONS = (
					"DEBUG=1",
					"$(inherited)",
				);
				GCC_WARN_64_TO_32_BIT_CONVERSION = YES;
				GCC_WARN_ABOUT_RETURN_TYPE = YES_ERROR;
				GCC_WARN_UNDECLARED_SELECTOR = YES;
				GCC_WARN_UNINITIALIZED_AUTOS = YES_AGGRESSIVE;
				GCC_WARN_UNUSED_FUNCTION = YES;
				GCC_WARN_UNUSED_VARIABLE = YES;
				IPHONEOS_DEPLOYMENT_TARGET = 13.0;
				MTL_ENABLE_DEBUG_INFO = INCLUDE_SOURCE;
				MTL_FAST_MATH = YES;
				ONLY_ACTIVE_ARCH = YES;
				SDKROOT = iphoneos;
				SWIFT_ACTIVE_COMPILATION_CONDITIONS = DEBUG;
				SWIFT_OPTIMIZATION_LEVEL = "-Onone";
			};
			name = Debug;
		};
		003AEE1D2527915100EA59C2 /* Release */ = {
			isa = XCBuildConfiguration;
			buildSettings = {
				ALWAYS_SEARCH_USER_PATHS = NO;
				CLANG_ANALYZER_NONNULL = YES;
				CLANG_ANALYZER_NUMBER_OBJECT_CONVERSION = YES_AGGRESSIVE;
				CLANG_CXX_LANGUAGE_STANDARD = "gnu++14";
				CLANG_CXX_LIBRARY = "libc++";
				CLANG_ENABLE_MODULES = YES;
				CLANG_ENABLE_OBJC_ARC = YES;
				CLANG_ENABLE_OBJC_WEAK = YES;
				CLANG_WARN_BLOCK_CAPTURE_AUTORELEASING = YES;
				CLANG_WARN_BOOL_CONVERSION = YES;
				CLANG_WARN_COMMA = YES;
				CLANG_WARN_CONSTANT_CONVERSION = YES;
				CLANG_WARN_DEPRECATED_OBJC_IMPLEMENTATIONS = YES;
				CLANG_WARN_DIRECT_OBJC_ISA_USAGE = YES_ERROR;
				CLANG_WARN_DOCUMENTATION_COMMENTS = YES;
				CLANG_WARN_EMPTY_BODY = YES;
				CLANG_WARN_ENUM_CONVERSION = YES;
				CLANG_WARN_INFINITE_RECURSION = YES;
				CLANG_WARN_INT_CONVERSION = YES;
				CLANG_WARN_NON_LITERAL_NULL_CONVERSION = YES;
				CLANG_WARN_OBJC_IMPLICIT_RETAIN_SELF = YES;
				CLANG_WARN_OBJC_LITERAL_CONVERSION = YES;
				CLANG_WARN_OBJC_ROOT_CLASS = YES_ERROR;
				CLANG_WARN_QUOTED_INCLUDE_IN_FRAMEWORK_HEADER = YES;
				CLANG_WARN_RANGE_LOOP_ANALYSIS = YES;
				CLANG_WARN_STRICT_PROTOTYPES = YES;
				CLANG_WARN_SUSPICIOUS_MOVE = YES;
				CLANG_WARN_UNGUARDED_AVAILABILITY = YES_AGGRESSIVE;
				CLANG_WARN_UNREACHABLE_CODE = YES;
				CLANG_WARN__DUPLICATE_METHOD_MATCH = YES;
				COPY_PHASE_STRIP = NO;
				DEBUG_INFORMATION_FORMAT = "dwarf-with-dsym";
				ENABLE_NS_ASSERTIONS = NO;
				ENABLE_STRICT_OBJC_MSGSEND = YES;
				GCC_C_LANGUAGE_STANDARD = gnu11;
				GCC_NO_COMMON_BLOCKS = YES;
				GCC_WARN_64_TO_32_BIT_CONVERSION = YES;
				GCC_WARN_ABOUT_RETURN_TYPE = YES_ERROR;
				GCC_WARN_UNDECLARED_SELECTOR = YES;
				GCC_WARN_UNINITIALIZED_AUTOS = YES_AGGRESSIVE;
				GCC_WARN_UNUSED_FUNCTION = YES;
				GCC_WARN_UNUSED_VARIABLE = YES;
				IPHONEOS_DEPLOYMENT_TARGET = 13.0;
				MTL_ENABLE_DEBUG_INFO = NO;
				MTL_FAST_MATH = YES;
				SDKROOT = iphoneos;
				SWIFT_COMPILATION_MODE = wholemodule;
				SWIFT_OPTIMIZATION_LEVEL = "-O";
				VALIDATE_PRODUCT = YES;
			};
			name = Release;
		};
		003AEE1F2527915100EA59C2 /* Debug */ = {
			isa = XCBuildConfiguration;
			buildSettings = {
				ASSETCATALOG_COMPILER_APPICON_NAME = AppIcon;
				ASSETCATALOG_COMPILER_GLOBAL_ACCENT_COLOR_NAME = AccentColor;
				CODE_SIGN_STYLE = Automatic;
				DEVELOPMENT_TEAM = VX327H4378;
				INFOPLIST_FILE = "ImageFilter/Support Files/Info.plist";
				LD_RUNPATH_SEARCH_PATHS = (
					"$(inherited)",
					"@executable_path/Frameworks",
				);
				PRODUCT_BUNDLE_IDENTIFIER = com.Agil.Demo.ImageFilter;
				PRODUCT_NAME = "$(TARGET_NAME)";
				SWIFT_VERSION = 5.0;
				TARGETED_DEVICE_FAMILY = "1,2";
			};
			name = Debug;
		};
		003AEE202527915100EA59C2 /* Release */ = {
			isa = XCBuildConfiguration;
			buildSettings = {
				ASSETCATALOG_COMPILER_APPICON_NAME = AppIcon;
				ASSETCATALOG_COMPILER_GLOBAL_ACCENT_COLOR_NAME = AccentColor;
				CODE_SIGN_STYLE = Automatic;
				DEVELOPMENT_TEAM = VX327H4378;
				INFOPLIST_FILE = "ImageFilter/Support Files/Info.plist";
				LD_RUNPATH_SEARCH_PATHS = (
					"$(inherited)",
					"@executable_path/Frameworks",
				);
				PRODUCT_BUNDLE_IDENTIFIER = com.Agil.Demo.ImageFilter;
				PRODUCT_NAME = "$(TARGET_NAME)";
				SWIFT_VERSION = 5.0;
				TARGETED_DEVICE_FAMILY = "1,2";
			};
			name = Release;
		};
/* End XCBuildConfiguration section */

/* Begin XCConfigurationList section */
		003AEE052527914D00EA59C2 /* Build configuration list for PBXProject "ImageFilter" */ = {
			isa = XCConfigurationList;
			buildConfigurations = (
				003AEE1C2527915100EA59C2 /* Debug */,
				003AEE1D2527915100EA59C2 /* Release */,
			);
			defaultConfigurationIsVisible = 0;
			defaultConfigurationName = Release;
		};
		003AEE1E2527915100EA59C2 /* Build configuration list for PBXNativeTarget "ImageFilter" */ = {
			isa = XCConfigurationList;
			buildConfigurations = (
				003AEE1F2527915100EA59C2 /* Debug */,
				003AEE202527915100EA59C2 /* Release */,
			);
			defaultConfigurationIsVisible = 0;
			defaultConfigurationName = Release;
		};
/* End XCConfigurationList section */
	};
	rootObject = 003AEE022527914D00EA59C2 /* Project object */;
}
